
Microsoft Visual Studio Solution File, Format Version 12.00
# Visual Studio 15
VisualStudioVersion = 15.0.26124.0
MinimumVisualStudioVersion = 15.0.26124.0
Project("{FAE04EC0-301F-11D3-BF4B-00C04F79EFBC}") = "SMS.Data", "SMS.Data\SMS.Data.csproj", "{43904F0F-7644-4DFB-B7A0-96B6F2F226A2}"
EndProject
Project("{FAE04EC0-301F-11D3-BF4B-00C04F79EFBC}") = "SMS.Test", "SMS.Test\SMS.Test.csproj", "{0FF9DC71-96F3-4DF7-A4DA-DB87FA38C1B1}"
EndProject
Project("{FAE04EC0-301F-11D3-BF4B-00C04F79EFBC}") = "SMS.Web", "SMS.Web\SMS.Web.csproj", "{F14C09E6-2719-4073-AEF4-94E34FE844D4}"
EndProject
Project("{FAE04EC0-301F-11D3-BF4B-00C04F79EFBC}") = "SMS.Core", "SMS.Core\SMS.Core.csproj", "{ACA2206B-5C8D-4AAF-9B0B-D99007C81FDF}"
EndProject
Global
	GlobalSection(SolutionConfigurationPlatforms) = preSolution
		Debug|Any CPU = Debug|Any CPU
		Debug|x64 = Debug|x64
		Debug|x86 = Debug|x86
		Release|Any CPU = Release|Any CPU
		Release|x64 = Release|x64
		Release|x86 = Release|x86
	EndGlobalSection
	GlobalSection(SolutionProperties) = preSolution
		HideSolutionNode = FALSE
	EndGlobalSection
	GlobalSection(ProjectConfigurationPlatforms) = postSolution
		{43904F0F-7644-4DFB-B7A0-96B6F2F226A2}.Debug|Any CPU.ActiveCfg = Debug|Any CPU
		{43904F0F-7644-4DFB-B7A0-96B6F2F226A2}.Debug|Any CPU.Build.0 = Debug|Any CPU
		{43904F0F-7644-4DFB-B7A0-96B6F2F226A2}.Debug|x64.ActiveCfg = Debug|Any CPU
		{43904F0F-7644-4DFB-B7A0-96B6F2F226A2}.Debug|x64.Build.0 = Debug|Any CPU
		{43904F0F-7644-4DFB-B7A0-96B6F2F226A2}.Debug|x86.ActiveCfg = Debug|Any CPU
		{43904F0F-7644-4DFB-B7A0-96B6F2F226A2}.Debug|x86.Build.0 = Debug|Any CPU
		{43904F0F-7644-4DFB-B7A0-96B6F2F226A2}.Release|Any CPU.ActiveCfg = Release|Any CPU
		{43904F0F-7644-4DFB-B7A0-96B6F2F226A2}.Release|Any CPU.Build.0 = Release|Any CPU
		{43904F0F-7644-4DFB-B7A0-96B6F2F226A2}.Release|x64.ActiveCfg = Release|Any CPU
		{43904F0F-7644-4DFB-B7A0-96B6F2F226A2}.Release|x64.Build.0 = Release|Any CPU
		{43904F0F-7644-4DFB-B7A0-96B6F2F226A2}.Release|x86.ActiveCfg = Release|Any CPU
		{43904F0F-7644-4DFB-B7A0-96B6F2F226A2}.Release|x86.Build.0 = Release|Any CPU
		{0FF9DC71-96F3-4DF7-A4DA-DB87FA38C1B1}.Debug|Any CPU.ActiveCfg = Debug|Any CPU
		{0FF9DC71-96F3-4DF7-A4DA-DB87FA38C1B1}.Debug|Any CPU.Build.0 = Debug|Any CPU
		{0FF9DC71-96F3-4DF7-A4DA-DB87FA38C1B1}.Debug|x64.ActiveCfg = Debug|Any CPU
		{0FF9DC71-96F3-4DF7-A4DA-DB87FA38C1B1}.Debug|x64.Build.0 = Debug|Any CPU
		{0FF9DC71-96F3-4DF7-A4DA-DB87FA38C1B1}.Debug|x86.ActiveCfg = Debug|Any CPU
		{0FF9DC71-96F3-4DF7-A4DA-DB87FA38C1B1}.Debug|x86.Build.0 = Debug|Any CPU
		{0FF9DC71-96F3-4DF7-A4DA-DB87FA38C1B1}.Release|Any CPU.ActiveCfg = Release|Any CPU
		{0FF9DC71-96F3-4DF7-A4DA-DB87FA38C1B1}.Release|Any CPU.Build.0 = Release|Any CPU
		{0FF9DC71-96F3-4DF7-A4DA-DB87FA38C1B1}.Release|x64.ActiveCfg = Release|Any CPU
		{0FF9DC71-96F3-4DF7-A4DA-DB87FA38C1B1}.Release|x64.Build.0 = Release|Any CPU
		{0FF9DC71-96F3-4DF7-A4DA-DB87FA38C1B1}.Release|x86.ActiveCfg = Release|Any CPU
		{0FF9DC71-96F3-4DF7-A4DA-DB87FA38C1B1}.Release|x86.Build.0 = Release|Any CPU
		{F14C09E6-2719-4073-AEF4-94E34FE844D4}.Debug|Any CPU.ActiveCfg = Debug|Any CPU
		{F14C09E6-2719-4073-AEF4-94E34FE844D4}.Debug|Any CPU.Build.0 = Debug|Any CPU
		{F14C09E6-2719-4073-AEF4-94E34FE844D4}.Debug|x64.ActiveCfg = Debug|Any CPU
		{F14C09E6-2719-4073-AEF4-94E34FE844D4}.Debug|x64.Build.0 = Debug|Any CPU
		{F14C09E6-2719-4073-AEF4-94E34FE844D4}.Debug|x86.ActiveCfg = Debug|Any CPU
		{F14C09E6-2719-4073-AEF4-94E34FE844D4}.Debug|x86.Build.0 = Debug|Any CPU
		{F14C09E6-2719-4073-AEF4-94E34FE844D4}.Release|Any CPU.ActiveCfg = Release|Any CPU
		{F14C09E6-2719-4073-AEF4-94E34FE844D4}.Release|Any CPU.Build.0 = Release|Any CPU
		{F14C09E6-2719-4073-AEF4-94E34FE844D4}.Release|x64.ActiveCfg = Release|Any CPU
		{F14C09E6-2719-4073-AEF4-94E34FE844D4}.Release|x64.Build.0 = Release|Any CPU
		{F14C09E6-2719-4073-AEF4-94E34FE844D4}.Release|x86.ActiveCfg = Release|Any CPU
		{F14C09E6-2719-4073-AEF4-94E34FE844D4}.Release|x86.Build.0 = Release|Any CPU
		{ACA2206B-5C8D-4AAF-9B0B-D99007C81FDF}.Debug|Any CPU.ActiveCfg = Debug|Any CPU
		{ACA2206B-5C8D-4AAF-9B0B-D99007C81FDF}.Debug|Any CPU.Build.0 = Debug|Any CPU
		{ACA2206B-5C8D-4AAF-9B0B-D99007C81FDF}.Debug|x64.ActiveCfg = Debug|Any CPU
		{ACA2206B-5C8D-4AAF-9B0B-D99007C81FDF}.Debug|x64.Build.0 = Debug|Any CPU
		{ACA2206B-5C8D-4AAF-9B0B-D99007C81FDF}.Debug|x86.ActiveCfg = Debug|Any CPU
		{ACA2206B-5C8D-4AAF-9B0B-D99007C81FDF}.Debug|x86.Build.0 = Debug|Any CPU
		{ACA2206B-5C8D-4AAF-9B0B-D99007C81FDF}.Release|Any CPU.ActiveCfg = Release|Any CPU
		{ACA2206B-5C8D-4AAF-9B0B-D99007C81FDF}.Release|Any CPU.Build.0 = Release|Any CPU
		{ACA2206B-5C8D-4AAF-9B0B-D99007C81FDF}.Release|x64.ActiveCfg = Release|Any CPU
		{ACA2206B-5C8D-4AAF-9B0B-D99007C81FDF}.Release|x64.Build.0 = Release|Any CPU
		{ACA2206B-5C8D-4AAF-9B0B-D99007C81FDF}.Release|x86.ActiveCfg = Release|Any CPU
		{ACA2206B-5C8D-4AAF-9B0B-D99007C81FDF}.Release|x86.Build.0 = Release|Any CPU
	EndGlobalSection
	GlobalSection(MonoDevelopProperties) = preSolution
		Policies = $0
		$0.DotNetNamingPolicy = $1
		$1.DirectoryNamespaceAssociation = PrefixedHierarchical
		$0.StandardHeader = $2
	EndGlobalSection
EndGlobal
